
Microsoft Visual Studio Solution File, Format Version 12.00
# Visual Studio Version 16
VisualStudioVersion = 16.0.29519.87
MinimumVisualStudioVersion = 10.0.40219.1
Project("{FAE04EC0-301F-11D3-BF4B-00C04F79EFBC}") = "citizensof.se", "citizensof.se\citizensof.se.csproj", "{44B56F05-9D6A-4537-8CE9-2E94F7B73BCB}"
EndProject
Global
	GlobalSection(SolutionConfigurationPlatforms) = preSolution
		Debug|Any CPU = Debug|Any CPU
		Release|Any CPU = Release|Any CPU
	EndGlobalSection
	GlobalSection(ProjectConfigurationPlatforms) = postSolution
		{44B56F05-9D6A-4537-8CE9-2E94F7B73BCB}.Debug|Any CPU.ActiveCfg = Debug|Any CPU
		{44B56F05-9D6A-4537-8CE9-2E94F7B73BCB}.Debug|Any CPU.Build.0 = Debug|Any CPU
		{44B56F05-9D6A-4537-8CE9-2E94F7B73BCB}.Release|Any CPU.ActiveCfg = Release|Any CPU
		{44B56F05-9D6A-4537-8CE9-2E94F7B73BCB}.Release|Any CPU.Build.0 = Release|Any CPU
	EndGlobalSection
	GlobalSection(SolutionProperties) = preSolution
		HideSolutionNode = FALSE
	EndGlobalSection
	GlobalSection(ExtensibilityGlobals) = postSolution
		SolutionGuid = {717522F1-E93B-468C-BD43-B5C011EA6B8D}
	EndGlobalSection
EndGlobal
