
Microsoft Visual Studio Solution File, Format Version 12.00
# Visual Studio Version 16
VisualStudioVersion = 16.0.29519.87
MinimumVisualStudioVersion = 10.0.40219.1
Project("{9A19103F-16F7-4668-BE54-9A1E7A4F7556}") = "citizensof.se", "citizensof.se\citizensof.se.csproj", "{C0034048-99C5-4EFD-A481-0309F3A55E78}"
EndProject
Global
	GlobalSection(SolutionConfigurationPlatforms) = preSolution
		Debug|Any CPU = Debug|Any CPU
		Release|Any CPU = Release|Any CPU
	EndGlobalSection
	GlobalSection(ProjectConfigurationPlatforms) = postSolution
		{C0034048-99C5-4EFD-A481-0309F3A55E78}.Debug|Any CPU.ActiveCfg = Debug|Any CPU
		{C0034048-99C5-4EFD-A481-0309F3A55E78}.Debug|Any CPU.Build.0 = Debug|Any CPU
		{C0034048-99C5-4EFD-A481-0309F3A55E78}.Release|Any CPU.ActiveCfg = Release|Any CPU
		{C0034048-99C5-4EFD-A481-0309F3A55E78}.Release|Any CPU.Build.0 = Release|Any CPU
	EndGlobalSection
	GlobalSection(SolutionProperties) = preSolution
		HideSolutionNode = FALSE
	EndGlobalSection
	GlobalSection(ExtensibilityGlobals) = postSolution
		SolutionGuid = {717522F1-E93B-468C-BD43-B5C011EA6B8D}
	EndGlobalSection
EndGlobal
